// !$*UTF8*$!
{
	archiveVersion = 1;
	classes = {
	};
	objectVersion = 50;
	objects = {

/* Begin PBXBuildFile section */
		E10F7E0C20F50F910019B588 /* AppDelegate.swift in Sources */ = {isa = PBXBuildFile; fileRef = E10F7E0B20F50F910019B588 /* AppDelegate.swift */; };
		E10F7E0E20F50F910019B588 /* MainViewController.swift in Sources */ = {isa = PBXBuildFile; fileRef = E10F7E0D20F50F910019B588 /* MainViewController.swift */; };
		E10F7E1120F50F910019B588 /* Main.storyboard in Resources */ = {isa = PBXBuildFile; fileRef = E10F7E0F20F50F910019B588 /* Main.storyboard */; };
		E10F7E1320F50F950019B588 /* Assets.xcassets in Resources */ = {isa = PBXBuildFile; fileRef = E10F7E1220F50F950019B588 /* Assets.xcassets */; };
		E10F7E1620F50F950019B588 /* LaunchScreen.storyboard in Resources */ = {isa = PBXBuildFile; fileRef = E10F7E1420F50F950019B588 /* LaunchScreen.storyboard */; };
		E10F7E2120F50F960019B588 /* sample_side_menuUITests.swift in Sources */ = {isa = PBXBuildFile; fileRef = E10F7E2020F50F960019B588 /* sample_side_menuUITests.swift */; };
		E1356D9920FE36CF00665CC9 /* ViewControllerPresentable.swift in Sources */ = {isa = PBXBuildFile; fileRef = E1356D9820FE36CF00665CC9 /* ViewControllerPresentable.swift */; };
		E1356D9A20FE36CF00665CC9 /* ViewControllerPresentable.swift in Sources */ = {isa = PBXBuildFile; fileRef = E1356D9820FE36CF00665CC9 /* ViewControllerPresentable.swift */; };
		E1356D9C20FE3BD700665CC9 /* UIViewControllerExtension.swift in Sources */ = {isa = PBXBuildFile; fileRef = E1356D9B20FE3BD700665CC9 /* UIViewControllerExtension.swift */; };
		E1356D9D20FE3BD700665CC9 /* UIViewControllerExtension.swift in Sources */ = {isa = PBXBuildFile; fileRef = E1356D9B20FE3BD700665CC9 /* UIViewControllerExtension.swift */; };
		E1356D9F20FE3EE300665CC9 /* SideMenuViewController.swift in Sources */ = {isa = PBXBuildFile; fileRef = E1356D9E20FE3EE300665CC9 /* SideMenuViewController.swift */; };
		E1356DA020FE3EE300665CC9 /* SideMenuViewController.swift in Sources */ = {isa = PBXBuildFile; fileRef = E1356D9E20FE3EE300665CC9 /* SideMenuViewController.swift */; };
		E1356DA22100E56800665CC9 /* ContentView.swift in Sources */ = {isa = PBXBuildFile; fileRef = E1356DA12100E56800665CC9 /* ContentView.swift */; };
		E1356DA72104DE7A00665CC9 /* SideMenuBaseController.swift in Sources */ = {isa = PBXBuildFile; fileRef = E1356DA62104DE7A00665CC9 /* SideMenuBaseController.swift */; };
		E1356DA82104DE7A00665CC9 /* SideMenuBaseController.swift in Sources */ = {isa = PBXBuildFile; fileRef = E1356DA62104DE7A00665CC9 /* SideMenuBaseController.swift */; };
/* End PBXBuildFile section */

/* Begin PBXContainerItemProxy section */
		E10F7E1D20F50F960019B588 /* PBXContainerItemProxy */ = {
			isa = PBXContainerItemProxy;
			containerPortal = E10F7E0020F50F910019B588 /* Project object */;
			proxyType = 1;
			remoteGlobalIDString = E10F7E0720F50F910019B588;
			remoteInfo = "sample-side-menu";
		};
/* End PBXContainerItemProxy section */

/* Begin PBXFileReference section */
		E10F7E0820F50F910019B588 /* sample-side-menu.app */ = {isa = PBXFileReference; explicitFileType = wrapper.application; includeInIndex = 0; path = "sample-side-menu.app"; sourceTree = BUILT_PRODUCTS_DIR; };
		E10F7E0B20F50F910019B588 /* AppDelegate.swift */ = {isa = PBXFileReference; lastKnownFileType = sourcecode.swift; path = AppDelegate.swift; sourceTree = "<group>"; };
		E10F7E0D20F50F910019B588 /* MainViewController.swift */ = {isa = PBXFileReference; lastKnownFileType = sourcecode.swift; path = MainViewController.swift; sourceTree = "<group>"; };
		E10F7E1020F50F910019B588 /* Base */ = {isa = PBXFileReference; lastKnownFileType = file.storyboard; name = Base; path = Base.lproj/Main.storyboard; sourceTree = "<group>"; };
		E10F7E1220F50F950019B588 /* Assets.xcassets */ = {isa = PBXFileReference; lastKnownFileType = folder.assetcatalog; path = Assets.xcassets; sourceTree = "<group>"; };
		E10F7E1520F50F950019B588 /* Base */ = {isa = PBXFileReference; lastKnownFileType = file.storyboard; name = Base; path = Base.lproj/LaunchScreen.storyboard; sourceTree = "<group>"; };
		E10F7E1720F50F950019B588 /* Info.plist */ = {isa = PBXFileReference; lastKnownFileType = text.plist.xml; path = Info.plist; sourceTree = "<group>"; };
		E10F7E1C20F50F960019B588 /* sample-side-menuUITests.xctest */ = {isa = PBXFileReference; explicitFileType = wrapper.cfbundle; includeInIndex = 0; path = "sample-side-menuUITests.xctest"; sourceTree = BUILT_PRODUCTS_DIR; };
		E10F7E2020F50F960019B588 /* sample_side_menuUITests.swift */ = {isa = PBXFileReference; lastKnownFileType = sourcecode.swift; path = sample_side_menuUITests.swift; sourceTree = "<group>"; };
		E10F7E2220F50F960019B588 /* Info.plist */ = {isa = PBXFileReference; lastKnownFileType = text.plist.xml; path = Info.plist; sourceTree = "<group>"; };
		E1356D9820FE36CF00665CC9 /* ViewControllerPresentable.swift */ = {isa = PBXFileReference; lastKnownFileType = sourcecode.swift; path = ViewControllerPresentable.swift; sourceTree = "<group>"; };
		E1356D9B20FE3BD700665CC9 /* UIViewControllerExtension.swift */ = {isa = PBXFileReference; lastKnownFileType = sourcecode.swift; path = UIViewControllerExtension.swift; sourceTree = "<group>"; };
		E1356D9E20FE3EE300665CC9 /* SideMenuViewController.swift */ = {isa = PBXFileReference; lastKnownFileType = sourcecode.swift; path = SideMenuViewController.swift; sourceTree = "<group>"; };
		E1356DA12100E56800665CC9 /* ContentView.swift */ = {isa = PBXFileReference; lastKnownFileType = sourcecode.swift; path = ContentView.swift; sourceTree = "<group>"; };
		E1356DA62104DE7A00665CC9 /* SideMenuBaseController.swift */ = {isa = PBXFileReference; lastKnownFileType = sourcecode.swift; path = SideMenuBaseController.swift; sourceTree = "<group>"; };
/* End PBXFileReference section */

/* Begin PBXFrameworksBuildPhase section */
		E10F7E0520F50F910019B588 /* Frameworks */ = {
			isa = PBXFrameworksBuildPhase;
			buildActionMask = 2147483647;
			files = (
			);
			runOnlyForDeploymentPostprocessing = 0;
		};
		E10F7E1920F50F960019B588 /* Frameworks */ = {
			isa = PBXFrameworksBuildPhase;
			buildActionMask = 2147483647;
			files = (
			);
			runOnlyForDeploymentPostprocessing = 0;
		};
/* End PBXFrameworksBuildPhase section */

/* Begin PBXGroup section */
		E10F7DFF20F50F910019B588 = {
			isa = PBXGroup;
			children = (
				E10F7E0A20F50F910019B588 /* sample-side-menu */,
				E10F7E1F20F50F960019B588 /* sample-side-menuUITests */,
				E10F7E0920F50F910019B588 /* Products */,
			);
			sourceTree = "<group>";
		};
		E10F7E0920F50F910019B588 /* Products */ = {
			isa = PBXGroup;
			children = (
				E10F7E0820F50F910019B588 /* sample-side-menu.app */,
				E10F7E1C20F50F960019B588 /* sample-side-menuUITests.xctest */,
			);
			name = Products;
			sourceTree = "<group>";
		};
		E10F7E0A20F50F910019B588 /* sample-side-menu */ = {
			isa = PBXGroup;
			children = (
				E1356D9720FE35EC00665CC9 /* Contract */,
				E10F7E0B20F50F910019B588 /* AppDelegate.swift */,
				E10F7E0D20F50F910019B588 /* MainViewController.swift */,
				E1356D9E20FE3EE300665CC9 /* SideMenuViewController.swift */,
				E1356DA62104DE7A00665CC9 /* SideMenuBaseController.swift */,
				E1356DA12100E56800665CC9 /* ContentView.swift */,
				E10F7E0F20F50F910019B588 /* Main.storyboard */,
				E10F7E1220F50F950019B588 /* Assets.xcassets */,
				E10F7E1420F50F950019B588 /* LaunchScreen.storyboard */,
				E10F7E1720F50F950019B588 /* Info.plist */,
			);
			path = "sample-side-menu";
			sourceTree = "<group>";
		};
		E10F7E1F20F50F960019B588 /* sample-side-menuUITests */ = {
			isa = PBXGroup;
			children = (
				E10F7E2020F50F960019B588 /* sample_side_menuUITests.swift */,
				E10F7E2220F50F960019B588 /* Info.plist */,
			);
			path = "sample-side-menuUITests";
			sourceTree = "<group>";
		};
		E1356D9720FE35EC00665CC9 /* Contract */ = {
			isa = PBXGroup;
			children = (
				E1356D9820FE36CF00665CC9 /* ViewControllerPresentable.swift */,
				E1356D9B20FE3BD700665CC9 /* UIViewControllerExtension.swift */,
			);
			path = Contract;
			sourceTree = "<group>";
		};
/* End PBXGroup section */

/* Begin PBXNativeTarget section */
		E10F7E0720F50F910019B588 /* sample-side-menu */ = {
			isa = PBXNativeTarget;
			buildConfigurationList = E10F7E2520F50F960019B588 /* Build configuration list for PBXNativeTarget "sample-side-menu" */;
			buildPhases = (
				E10F7E0420F50F910019B588 /* Sources */,
				E10F7E0520F50F910019B588 /* Frameworks */,
				E10F7E0620F50F910019B588 /* Resources */,
			);
			buildRules = (
			);
			dependencies = (
			);
			name = "sample-side-menu";
			productName = "sample-side-menu";
			productReference = E10F7E0820F50F910019B588 /* sample-side-menu.app */;
			productType = "com.apple.product-type.application";
		};
		E10F7E1B20F50F960019B588 /* sample-side-menuUITests */ = {
			isa = PBXNativeTarget;
			buildConfigurationList = E10F7E2820F50F960019B588 /* Build configuration list for PBXNativeTarget "sample-side-menuUITests" */;
			buildPhases = (
				E10F7E1820F50F960019B588 /* Sources */,
				E10F7E1920F50F960019B588 /* Frameworks */,
				E10F7E1A20F50F960019B588 /* Resources */,
			);
			buildRules = (
			);
			dependencies = (
				E10F7E1E20F50F960019B588 /* PBXTargetDependency */,
			);
			name = "sample-side-menuUITests";
			productName = "sample-side-menuUITests";
			productReference = E10F7E1C20F50F960019B588 /* sample-side-menuUITests.xctest */;
			productType = "com.apple.product-type.bundle.ui-testing";
		};
/* End PBXNativeTarget section */

/* Begin PBXProject section */
		E10F7E0020F50F910019B588 /* Project object */ = {
			isa = PBXProject;
			attributes = {
				LastSwiftUpdateCheck = 0940;
				LastUpgradeCheck = 0940;
				ORGANIZATIONNAME = Takumi;
				TargetAttributes = {
					E10F7E0720F50F910019B588 = {
						CreatedOnToolsVersion = 9.4.1;
					};
					E10F7E1B20F50F960019B588 = {
						CreatedOnToolsVersion = 9.4.1;
						TestTargetID = E10F7E0720F50F910019B588;
					};
				};
			};
			buildConfigurationList = E10F7E0320F50F910019B588 /* Build configuration list for PBXProject "sample-side-menu" */;
			compatibilityVersion = "Xcode 9.3";
			developmentRegion = en;
			hasScannedForEncodings = 0;
			knownRegions = (
				en,
				Base,
			);
			mainGroup = E10F7DFF20F50F910019B588;
			productRefGroup = E10F7E0920F50F910019B588 /* Products */;
			projectDirPath = "";
			projectRoot = "";
			targets = (
				E10F7E0720F50F910019B588 /* sample-side-menu */,
				E10F7E1B20F50F960019B588 /* sample-side-menuUITests */,
			);
		};
/* End PBXProject section */

/* Begin PBXResourcesBuildPhase section */
		E10F7E0620F50F910019B588 /* Resources */ = {
			isa = PBXResourcesBuildPhase;
			buildActionMask = 2147483647;
			files = (
				E10F7E1620F50F950019B588 /* LaunchScreen.storyboard in Resources */,
				E10F7E1320F50F950019B588 /* Assets.xcassets in Resources */,
				E10F7E1120F50F910019B588 /* Main.storyboard in Resources */,
			);
			runOnlyForDeploymentPostprocessing = 0;
		};
		E10F7E1A20F50F960019B588 /* Resources */ = {
			isa = PBXResourcesBuildPhase;
			buildActionMask = 2147483647;
			files = (
			);
			runOnlyForDeploymentPostprocessing = 0;
		};
/* End PBXResourcesBuildPhase section */

/* Begin PBXSourcesBuildPhase section */
		E10F7E0420F50F910019B588 /* Sources */ = {
			isa = PBXSourcesBuildPhase;
			buildActionMask = 2147483647;
			files = (
				E1356D9C20FE3BD700665CC9 /* UIViewControllerExtension.swift in Sources */,
				E10F7E0E20F50F910019B588 /* MainViewController.swift in Sources */,
				E1356DA22100E56800665CC9 /* ContentView.swift in Sources */,
				E1356D9920FE36CF00665CC9 /* ViewControllerPresentable.swift in Sources */,
				E1356D9F20FE3EE300665CC9 /* SideMenuViewController.swift in Sources */,
				E10F7E0C20F50F910019B588 /* AppDelegate.swift in Sources */,
				E1356DA72104DE7A00665CC9 /* SideMenuBaseController.swift in Sources */,
			);
			runOnlyForDeploymentPostprocessing = 0;
		};
		E10F7E1820F50F960019B588 /* Sources */ = {
			isa = PBXSourcesBuildPhase;
			buildActionMask = 2147483647;
			files = (
				E1356DA020FE3EE300665CC9 /* SideMenuViewController.swift in Sources */,
				E1356D9A20FE36CF00665CC9 /* ViewControllerPresentable.swift in Sources */,
				E10F7E2120F50F960019B588 /* sample_side_menuUITests.swift in Sources */,
				E1356D9D20FE3BD700665CC9 /* UIViewControllerExtension.swift in Sources */,
				E1356DA82104DE7A00665CC9 /* SideMenuBaseController.swift in Sources */,
			);
			runOnlyForDeploymentPostprocessing = 0;
		};
/* End PBXSourcesBuildPhase section */

/* Begin PBXTargetDependency section */
		E10F7E1E20F50F960019B588 /* PBXTargetDependency */ = {
			isa = PBXTargetDependency;
			target = E10F7E0720F50F910019B588 /* sample-side-menu */;
			targetProxy = E10F7E1D20F50F960019B588 /* PBXContainerItemProxy */;
		};
/* End PBXTargetDependency section */

/* Begin PBXVariantGroup section */
		E10F7E0F20F50F910019B588 /* Main.storyboard */ = {
			isa = PBXVariantGroup;
			children = (
				E10F7E1020F50F910019B588 /* Base */,
			);
			name = Main.storyboard;
			sourceTree = "<group>";
		};
		E10F7E1420F50F950019B588 /* LaunchScreen.storyboard */ = {
			isa = PBXVariantGroup;
			children = (
				E10F7E1520F50F950019B588 /* Base */,
			);
			name = LaunchScreen.storyboard;
			sourceTree = "<group>";
		};
/* End PBXVariantGroup section */

/* Begin XCBuildConfiguration section */
		E10F7E2320F50F960019B588 /* Debug */ = {
			isa = XCBuildConfiguration;
			buildSettings = {
				ALWAYS_SEARCH_USER_PATHS = NO;
				CLANG_ANALYZER_NONNULL = YES;
				CLANG_ANALYZER_NUMBER_OBJECT_CONVERSION = YES_AGGRESSIVE;
				CLANG_CXX_LANGUAGE_STANDARD = "gnu++14";
				CLANG_CXX_LIBRARY = "libc++";
				CLANG_ENABLE_MODULES = YES;
				CLANG_ENABLE_OBJC_ARC = YES;
				CLANG_ENABLE_OBJC_WEAK = YES;
				CLANG_WARN_BLOCK_CAPTURE_AUTORELEASING = YES;
				CLANG_WARN_BOOL_CONVERSION = YES;
				CLANG_WARN_COMMA = YES;
				CLANG_WARN_CONSTANT_CONVERSION = YES;
				CLANG_WARN_DEPRECATED_OBJC_IMPLEMENTATIONS = YES;
				CLANG_WARN_DIRECT_OBJC_ISA_USAGE = YES_ERROR;
				CLANG_WARN_DOCUMENTATION_COMMENTS = YES;
				CLANG_WARN_EMPTY_BODY = YES;
				CLANG_WARN_ENUM_CONVERSION = YES;
				CLANG_WARN_INFINITE_RECURSION = YES;
				CLANG_WARN_INT_CONVERSION = YES;
				CLANG_WARN_NON_LITERAL_NULL_CONVERSION = YES;
				CLANG_WARN_OBJC_IMPLICIT_RETAIN_SELF = YES;
				CLANG_WARN_OBJC_LITERAL_CONVERSION = YES;
				CLANG_WARN_OBJC_ROOT_CLASS = YES_ERROR;
				CLANG_WARN_RANGE_LOOP_ANALYSIS = YES;
				CLANG_WARN_STRICT_PROTOTYPES = YES;
				CLANG_WARN_SUSPICIOUS_MOVE = YES;
				CLANG_WARN_UNGUARDED_AVAILABILITY = YES_AGGRESSIVE;
				CLANG_WARN_UNREACHABLE_CODE = YES;
				CLANG_WARN__DUPLICATE_METHOD_MATCH = YES;
				CODE_SIGN_IDENTITY = "iPhone Developer";
				COPY_PHASE_STRIP = NO;
				DEBUG_INFORMATION_FORMAT = dwarf;
				ENABLE_STRICT_OBJC_MSGSEND = YES;
				ENABLE_TESTABILITY = YES;
				GCC_C_LANGUAGE_STANDARD = gnu11;
				GCC_DYNAMIC_NO_PIC = NO;
				GCC_NO_COMMON_BLOCKS = YES;
				GCC_OPTIMIZATION_LEVEL = 0;
				GCC_PREPROCESSOR_DEFINITIONS = (
					"DEBUG=1",
					"$(inherited)",
				);
				GCC_WARN_64_TO_32_BIT_CONVERSION = YES;
				GCC_WARN_ABOUT_RETURN_TYPE = YES_ERROR;
				GCC_WARN_UNDECLARED_SELECTOR = YES;
				GCC_WARN_UNINITIALIZED_AUTOS = YES_AGGRESSIVE;
				GCC_WARN_UNUSED_FUNCTION = YES;
				GCC_WARN_UNUSED_VARIABLE = YES;
				IPHONEOS_DEPLOYMENT_TARGET = 11.4;
				MTL_ENABLE_DEBUG_INFO = YES;
				ONLY_ACTIVE_ARCH = YES;
				SDKROOT = iphoneos;
				SWIFT_ACTIVE_COMPILATION_CONDITIONS = DEBUG;
				SWIFT_OPTIMIZATION_LEVEL = "-Onone";
			};
			name = Debug;
		};
		E10F7E2420F50F960019B588 /* Release */ = {
			isa = XCBuildConfiguration;
			buildSettings = {
				ALWAYS_SEARCH_USER_PATHS = NO;
				CLANG_ANALYZER_NONNULL = YES;
				CLANG_ANALYZER_NUMBER_OBJECT_CONVERSION = YES_AGGRESSIVE;
				CLANG_CXX_LANGUAGE_STANDARD = "gnu++14";
				CLANG_CXX_LIBRARY = "libc++";
				CLANG_ENABLE_MODULES = YES;
				CLANG_ENABLE_OBJC_ARC = YES;
				CLANG_ENABLE_OBJC_WEAK = YES;
				CLANG_WARN_BLOCK_CAPTURE_AUTORELEASING = YES;
				CLANG_WARN_BOOL_CONVERSION = YES;
				CLANG_WARN_COMMA = YES;
				CLANG_WARN_CONSTANT_CONVERSION = YES;
				CLANG_WARN_DEPRECATED_OBJC_IMPLEMENTATIONS = YES;
				CLANG_WARN_DIRECT_OBJC_ISA_USAGE = YES_ERROR;
				CLANG_WARN_DOCUMENTATION_COMMENTS = YES;
				CLANG_WARN_EMPTY_BODY = YES;
				CLANG_WARN_ENUM_CONVERSION = YES;
				CLANG_WARN_INFINITE_RECURSION = YES;
				CLANG_WARN_INT_CONVERSION = YES;
				CLANG_WARN_NON_LITERAL_NULL_CONVERSION = YES;
				CLANG_WARN_OBJC_IMPLICIT_RETAIN_SELF = YES;
				CLANG_WARN_OBJC_LITERAL_CONVERSION = YES;
				CLANG_WARN_OBJC_ROOT_CLASS = YES_ERROR;
				CLANG_WARN_RANGE_LOOP_ANALYSIS = YES;
				CLANG_WARN_STRICT_PROTOTYPES = YES;
				CLANG_WARN_SUSPICIOUS_MOVE = YES;
				CLANG_WARN_UNGUARDED_AVAILABILITY = YES_AGGRESSIVE;
				CLANG_WARN_UNREACHABLE_CODE = YES;
				CLANG_WARN__DUPLICATE_METHOD_MATCH = YES;
				CODE_SIGN_IDENTITY = "iPhone Developer";
				COPY_PHASE_STRIP = NO;
				DEBUG_INFORMATION_FORMAT = "dwarf-with-dsym";
				ENABLE_NS_ASSERTIONS = NO;
				ENABLE_STRICT_OBJC_MSGSEND = YES;
				GCC_C_LANGUAGE_STANDARD = gnu11;
				GCC_NO_COMMON_BLOCKS = YES;
				GCC_WARN_64_TO_32_BIT_CONVERSION = YES;
				GCC_WARN_ABOUT_RETURN_TYPE = YES_ERROR;
				GCC_WARN_UNDECLARED_SELECTOR = YES;
				GCC_WARN_UNINITIALIZED_AUTOS = YES_AGGRESSIVE;
				GCC_WARN_UNUSED_FUNCTION = YES;
				GCC_WARN_UNUSED_VARIABLE = YES;
				IPHONEOS_DEPLOYMENT_TARGET = 11.4;
				MTL_ENABLE_DEBUG_INFO = NO;
				SDKROOT = iphoneos;
				SWIFT_COMPILATION_MODE = wholemodule;
				SWIFT_OPTIMIZATION_LEVEL = "-O";
				VALIDATE_PRODUCT = YES;
			};
			name = Release;
		};
		E10F7E2620F50F960019B588 /* Debug */ = {
			isa = XCBuildConfiguration;
			buildSettings = {
				ASSETCATALOG_COMPILER_APPICON_NAME = AppIcon;
				CODE_SIGN_STYLE = Automatic;
				DEVELOPMENT_TEAM = 73CEKQYV9L;
				INFOPLIST_FILE = "sample-side-menu/Info.plist";
				LD_RUNPATH_SEARCH_PATHS = (
					"$(inherited)",
					"@executable_path/Frameworks",
				);
				PRODUCT_BUNDLE_IDENTIFIER = "jp.takumi.sample-side-menu";
				PRODUCT_NAME = "$(TARGET_NAME)";
				SWIFT_VERSION = 4.0;
				TARGETED_DEVICE_FAMILY = "1,2";
			};
			name = Debug;
		};
		E10F7E2720F50F960019B588 /* Release */ = {
			isa = XCBuildConfiguration;
			buildSettings = {
				ASSETCATALOG_COMPILER_APPICON_NAME = AppIcon;
				CODE_SIGN_STYLE = Automatic;
				DEVELOPMENT_TEAM = 73CEKQYV9L;
				INFOPLIST_FILE = "sample-side-menu/Info.plist";
				LD_RUNPATH_SEARCH_PATHS = (
					"$(inherited)",
					"@executable_path/Frameworks",
				);
				PRODUCT_BUNDLE_IDENTIFIER = "jp.takumi.sample-side-menu";
				PRODUCT_NAME = "$(TARGET_NAME)";
				SWIFT_VERSION = 4.0;
				TARGETED_DEVICE_FAMILY = "1,2";
			};
			name = Release;
		};
		E10F7E2920F50F960019B588 /* Debug */ = {
			isa = XCBuildConfiguration;
			buildSettings = {
				ALWAYS_EMBED_SWIFT_STANDARD_LIBRARIES = YES;
				CODE_SIGN_STYLE = Automatic;
				DEVELOPMENT_TEAM = 73CEKQYV9L;
				INFOPLIST_FILE = "sample-side-menuUITests/Info.plist";
				LD_RUNPATH_SEARCH_PATHS = (
					"$(inherited)",
					"@executable_path/Frameworks",
					"@loader_path/Frameworks",
				);
				PRODUCT_BUNDLE_IDENTIFIER = "jp.takumi.sample-side-menuUITests";
				PRODUCT_NAME = "$(TARGET_NAME)";
				SWIFT_VERSION = 4.0;
				TARGETED_DEVICE_FAMILY = "1,2";
				TEST_TARGET_NAME = "sample-side-menu";
			};
			name = Debug;
		};
		E10F7E2A20F50F960019B588 /* Release */ = {
			isa = XCBuildConfiguration;
			buildSettings = {
				ALWAYS_EMBED_SWIFT_STANDARD_LIBRARIES = YES;
				CODE_SIGN_STYLE = Automatic;
				DEVELOPMENT_TEAM = 73CEKQYV9L;
				INFOPLIST_FILE = "sample-side-menuUITests/Info.plist";
				LD_RUNPATH_SEARCH_PATHS = (
					"$(inherited)",
					"@executable_path/Frameworks",
					"@loader_path/Frameworks",
				);
				PRODUCT_BUNDLE_IDENTIFIER = "jp.takumi.sample-side-menuUITests";
				PRODUCT_NAME = "$(TARGET_NAME)";
				SWIFT_VERSION = 4.0;
				TARGETED_DEVICE_FAMILY = "1,2";
				TEST_TARGET_NAME = "sample-side-menu";
			};
			name = Release;
		};
/* End XCBuildConfiguration section */

/* Begin XCConfigurationList section */
		E10F7E0320F50F910019B588 /* Build configuration list for PBXProject "sample-side-menu" */ = {
			isa = XCConfigurationList;
			buildConfigurations = (
				E10F7E2320F50F960019B588 /* Debug */,
				E10F7E2420F50F960019B588 /* Release */,
			);
			defaultConfigurationIsVisible = 0;
			defaultConfigurationName = Release;
		};
		E10F7E2520F50F960019B588 /* Build configuration list for PBXNativeTarget "sample-side-menu" */ = {
			isa = XCConfigurationList;
			buildConfigurations = (
				E10F7E2620F50F960019B588 /* Debug */,
				E10F7E2720F50F960019B588 /* Release */,
			);
			defaultConfigurationIsVisible = 0;
			defaultConfigurationName = Release;
		};
		E10F7E2820F50F960019B588 /* Build configuration list for PBXNativeTarget "sample-side-menuUITests" */ = {
			isa = XCConfigurationList;
			buildConfigurations = (
				E10F7E2920F50F960019B588 /* Debug */,
				E10F7E2A20F50F960019B588 /* Release */,
			);
			defaultConfigurationIsVisible = 0;
			defaultConfigurationName = Release;
		};
/* End XCConfigurationList section */
	};
	rootObject = E10F7E0020F50F910019B588 /* Project object */;
}
